# THIS IS AN AUTOGENERATED FILE. DO NOT EDIT THIS FILE DIRECTLY.
# yarn lockfile v1
"@opam-alpha/ANSITerminal@>= 0.6.5":
  version "0.7.0"
  resolved "https://registry.yarnpkg.com/@opam-alpha/ANSITerminal/-/ANSITerminal-0.7.0.tgz#764910e537a02618e2b81b453ee240a2f09a369f"
  dependencies:
    ANSITerminal-actual "git://github.com/npm-opam/ANSITerminal.git#0.7.0"

"@opam-alpha/BetterErrors@>= 0.0.1":
  version "0.0.1"
  resolved "https://registry.yarnpkg.com/@opam-alpha/BetterErrors/-/BetterErrors-0.0.1.tgz#a17a61943bc821cd42f204a8c4efced71d786a0f"
  dependencies:
    BetterErrors-actual "git://github.com/npm-opam/BetterErrors.git#0.0.1"

"@opam-alpha/biniou@>= 1.0.6":
  version "1.0.12"
  resolved "https://registry.yarnpkg.com/@opam-alpha/biniou/-/biniou-1.0.12.tgz#7fae6bc59a1b11796692637b8f37509cc3ec8d5b"
  dependencies:
    biniou-actual "git://github.com/npm-opam/biniou.git#1.0.12"

"@opam-alpha/conf-m4@*":
  version "4.1.0"
  resolved "https://registry.yarnpkg.com/@opam-alpha/conf-m4/-/conf-m4-4.1.0.tgz#91500bb3c9c9ca790731671035a5beb0664e0ce8"
  dependencies:
    conf-m4-actual "git://github.com/npm-opam/conf-m4.git#4.1.0"

"@opam-alpha/conf-which@*":
  version "1.0.0"
  resolved "https://registry.yarnpkg.com/@opam-alpha/conf-which/-/conf-which-1.0.0.tgz#45b4dc34e3c256b8027fc47d672eca0d1c25f541"
  dependencies:
    conf-which-actual "git://github.com/npm-opam/conf-which.git#1.0.0"

"@opam-alpha/cppo@*":
  version "1.4.0"
  resolved "https://registry.yarnpkg.com/@opam-alpha/cppo/-/cppo-1.4.0.tgz#e9572a069d93fd9140122036dc7371d6581093f6"
  dependencies:
    cppo-actual "git://github.com/npm-opam/cppo.git#1.4.0"

"@opam-alpha/easy-format@*", "@opam-alpha/easy-format@^ 1.2.0":
  version "1.2.0"
  resolved "https://registry.yarnpkg.com/@opam-alpha/easy-format/-/easy-format-1.2.0.tgz#08d53c49a8227ae7d0dec0aa0f236d8fc913cd6b"
  dependencies:
    easy-format-actual "git://github.com/npm-opam/easy-format.git#1.2.0"

"@opam-alpha/menhir@>= 20160303.0.0":
  version "20160825.0.0"
  resolved "https://registry.yarnpkg.com/@opam-alpha/menhir/-/menhir-20160825.0.0.tgz#45f638756944bdcf97b95416ccb226b0739d0206"
  dependencies:
    menhir-actual "git://github.com/npm-opam/menhir.git#20160825.0.0"

"@opam-alpha/merlin-extend@^ 0.3.0":
  version "0.3.0"
  resolved "https://registry.yarnpkg.com/@opam-alpha/merlin-extend/-/merlin-extend-0.3.0.tgz#aceb5adda46a6190a6388bc95744947956524aed"
  dependencies:
    merlin-extend-actual "git://github.com/npm-opam/merlin-extend.git#0.3.0"

"@opam-alpha/merlin@^ 2.5.0":
  version "2.5.0"
  resolved "https://registry.yarnpkg.com/@opam-alpha/merlin/-/merlin-2.5.0.tgz#1aa359d6f451bdf23bbf924a31a501869644b621"
  dependencies:
    merlin-actual "git://github.com/npm-opam/merlin.git#2.5.0"

"@opam-alpha/ocaml@= 4.02.3", "@opam-alpha/ocaml@4.2.3":
  version "4.2.3"
  resolved "https://registry.yarnpkg.com/@opam-alpha/ocaml/-/ocaml-4.2.3.tgz#44c6e23fbb716196d4a6121f7751e09c0ad34018"
  dependencies:
    ocaml "git+https://github.com/npm-opam/ocaml.git#npm-4.02.3"

"@opam-alpha/ocamlbuild@*":
  version "0.9.2"
  resolved "https://registry.yarnpkg.com/@opam-alpha/ocamlbuild/-/ocamlbuild-0.9.2.tgz#b5d67c1e7bd3be9091333694f045d7725b77851f"

"@opam-alpha/ocamlfind@*", "@opam-alpha/ocamlfind@>= 1.5.0", "@opam-alpha/ocamlfind@>= 1.5.2":
  version "1.6.2"
  resolved "https://registry.yarnpkg.com/@opam-alpha/ocamlfind/-/ocamlfind-1.6.2.tgz#4fb4c7f3b0b039b786aeaf7efc460c420e90055d"
  dependencies:
    ocamlfind-actual "git+https://github.com/npm-opam/ocamlfind.git#1.6.2"

"@opam-alpha/ounit@*":
  version "2.0.0"
  resolved "https://registry.yarnpkg.com/@opam-alpha/ounit/-/ounit-2.0.0.tgz#bc3ed0ea2581192301558c3abe64ebdeb6fa2f36"
  dependencies:
    ounit-actual "git://github.com/npm-opam/ounit.git#2.0.0"

"@opam-alpha/re@^ 1.5.0", "@opam-alpha/re@>= 1.5.0":
  version "1.6.1"
  resolved "https://registry.yarnpkg.com/@opam-alpha/re/-/re-1.6.1.tgz#e196b2566b10afb76011c71c44d7b0fbf5a70e6f"
  dependencies:
    re-actual "git://github.com/npm-opam/re.git#1.6.1"

"@opam-alpha/yojson@*":
  version "1.3.2"
  resolved "https://registry.yarnpkg.com/@opam-alpha/yojson/-/yojson-1.3.2.tgz#5d2127c2f083ff49a2dc4c4cca29a155fa3ba785"
  dependencies:
    yojson-actual "git://github.com/npm-opam/yojson.git#1.3.2"

"ANSITerminal-actual@git://github.com/npm-opam/ANSITerminal.git#0.7.0":
  version "0.7.0"
  resolved "git://github.com/npm-opam/ANSITerminal.git#be5c05bcb988a0cabff7e751b44d4a2646a8e1f4"
  dependencies:
    "@opam-alpha/ocamlbuild" "*"
    "@opam-alpha/ocamlfind" ">= 1.5.0"
    dependency-env "https://github.com/npm-ml/dependency-env.git"
    nopam "https://github.com/yunxing/nopam.git"
    opam-installer-bin "https://github.com/yunxing/opam-installer-bin.git"
    substs "https://github.com/yunxing/substs.git"

"BetterErrors-actual@git://github.com/npm-opam/BetterErrors.git#0.0.1":
  version "0.0.1"
  resolved "git://github.com/npm-opam/BetterErrors.git#5dce5110c71fcc1a12b4dcd6268347436831d198"
  dependencies:
    "@opam-alpha/ANSITerminal" ">= 0.6.5"
    "@opam-alpha/ocamlfind" "*"
    "@opam-alpha/re" ">= 1.5.0"
    dependency-env "https://github.com/npm-ml/dependency-env.git"
    nopam "https://github.com/yunxing/nopam.git"
    opam-installer-bin "https://github.com/yunxing/opam-installer-bin.git"
    substs "https://github.com/yunxing/substs.git"

"biniou-actual@git://github.com/npm-opam/biniou.git#1.0.12":
  version "1.0.12"
  resolved "git://github.com/npm-opam/biniou.git#7dd5e33eaf45d636b6fe97d24b01b26de8c49ac9"
  dependencies:
    "@opam-alpha/conf-which" "*"
    "@opam-alpha/easy-format" "*"
    "@opam-alpha/ocamlfind" "*"
    dependency-env "https://github.com/npm-ml/dependency-env.git"
    nopam "https://github.com/yunxing/nopam.git"
    opam-installer-bin "https://github.com/yunxing/opam-installer-bin.git"
    substs "https://github.com/yunxing/substs.git"

"biniou@https://github.com/npm-opam/biniou":
  version "1.0.12"
  resolved "https://github.com/npm-opam/biniou#b5e4e1795d78ac02c3d11adc2239b7f70a255486"
  dependencies:
    conf-which "https://github.com/npm-opam/conf-which"
    dependency-env "https://github.com/npm-ml/dependency-env.git"
    easy-format "https://github.com/npm-opam/easy-format"
    nopam "https://github.com/yunxing/nopam.git"
    ocaml "https://github.com/npm-opam/ocaml.git#npm-4.02.3"
    ocamlfind "https://github.com/npm-opam/ocamlfind"
    opam-installer-bin "https://github.com/yunxing/opam-installer-bin.git"
    substs "https://github.com/yunxing/substs.git"

"camomile-bin@https://github.com/reasonml/camomile-bin":
  version "0.8.5"
  resolved "https://github.com/reasonml/camomile-bin#688f3a2be3ef33b4fe746e49a023377d357d040b"
  dependencies:
    "@opam-alpha/ocamlfind" "*"
    dependency-env "https://github.com/npm-ml/dependency-env.git"
    nopam "https://github.com/yunxing/nopam.git"

"conf-m4-actual@git://github.com/npm-opam/conf-m4.git#4.1.0":
  version "4.1.0"
  resolved "git://github.com/npm-opam/conf-m4.git#e5eedfc61c8d2e529cf598584ba829f2fc722d87"
  dependencies:
    dependency-env "https://github.com/npm-ml/dependency-env.git"
    nopam "https://github.com/yunxing/nopam.git"
    opam-installer-bin "https://github.com/yunxing/opam-installer-bin.git"
    substs "https://github.com/yunxing/substs.git"

"conf-m4@https://github.com/npm-opam/conf-m4":
  version "0.0.0"
  resolved "https://github.com/npm-opam/conf-m4#12c0c1b7b6e2013fafeb7693517bcfdb281ddbe5"
  dependencies:
    dependency-env "https://github.com/npm-ml/dependency-env.git"
    nopam "https://github.com/yunxing/nopam.git"
    ocaml "https://github.com/npm-opam/ocaml.git#npm-4.02.3"
    opam-installer-bin "https://github.com/yunxing/opam-installer-bin.git"
    substs "https://github.com/yunxing/substs.git"

"conf-which-actual@git://github.com/npm-opam/conf-which.git#1.0.0":
  version "1.0.0"
  resolved "git://github.com/npm-opam/conf-which.git#fdb919d8ed608aa090d0b95bbde5f3717192c068"
  dependencies:
    dependency-env "https://github.com/npm-ml/dependency-env.git"
    nopam "https://github.com/yunxing/nopam.git"
    opam-installer-bin "https://github.com/yunxing/opam-installer-bin.git"
    substs "https://github.com/yunxing/substs.git"

"conf-which@https://github.com/npm-opam/conf-which":
  version "0.0.0"
  resolved "https://github.com/npm-opam/conf-which#02ff89f92a309b950e5befbb1b2d2fd1e35bcb99"
  dependencies:
    dependency-env "https://github.com/npm-ml/dependency-env.git"
    nopam "https://github.com/yunxing/nopam.git"
    ocaml "https://github.com/npm-opam/ocaml.git#npm-4.02.3"
    opam-installer-bin "https://github.com/yunxing/opam-installer-bin.git"
    substs "https://github.com/yunxing/substs.git"

"cppo-actual@git://github.com/npm-opam/cppo.git#1.4.0":
  version "1.4.0"
  resolved "git://github.com/npm-opam/cppo.git#bae7485b77d4716ae4a9c3707fb74d471aa0eaa7"
  dependencies:
    "@opam-alpha/ocamlbuild" "*"
    "@opam-alpha/ocamlfind" "*"
    dependency-env "https://github.com/npm-ml/dependency-env.git"
    nopam "https://github.com/yunxing/nopam.git"
    opam-installer-bin "https://github.com/yunxing/opam-installer-bin.git"
    substs "https://github.com/yunxing/substs.git"

"cppo@https://github.com/npm-opam/cppo":
  version "1.3.2"
  resolved "https://github.com/npm-opam/cppo#dc4cc7f64bf3dfba3ae856f48b9a76290ec50bd8"
  dependencies:
    dependency-env "https://github.com/npm-ml/dependency-env.git"
    nopam "https://github.com/yunxing/nopam.git"
    ocaml "https://github.com/npm-opam/ocaml.git#npm-4.02.3"
    ocamlbuild "https://github.com/npm-opam/ocamlbuild"
    ocamlfind "https://github.com/npm-opam/ocamlfind"
    opam-installer-bin "https://github.com/yunxing/opam-installer-bin.git"
    substs "https://github.com/yunxing/substs.git"

"dependency-env@https://github.com/npm-ml/dependency-env.git", "dependency-env@https://github.com/reasonml/dependency-env.git":
  version "0.0.0"
  resolved "https://github.com/npm-ml/dependency-env.git#ec2fc004bbe5bb773d96b0b604519733f2f9bf01"
  dependencies:
    resolve "^1.1.7"

"easy-format-actual@git://github.com/npm-opam/easy-format.git#1.2.0":
  version "1.2.0"
  resolved "git://github.com/npm-opam/easy-format.git#955d4b4cd1748832aa7fb756c4ba1092759355de"
  dependencies:
    "@opam-alpha/ocamlfind" "*"
    dependency-env "https://github.com/npm-ml/dependency-env.git"
    nopam "https://github.com/yunxing/nopam.git"
    opam-installer-bin "https://github.com/yunxing/opam-installer-bin.git"
    substs "https://github.com/yunxing/substs.git"

"easy-format@https://github.com/npm-opam/easy-format":
  version "1.2.0"
  resolved "https://github.com/npm-opam/easy-format#1b3ab299774fe3220aa854adff4791091f859d77"
  dependencies:
    dependency-env "https://github.com/npm-ml/dependency-env.git"
    nopam "https://github.com/yunxing/nopam.git"
    ocaml "https://github.com/npm-opam/ocaml.git#npm-4.02.3"
    ocamlfind "https://github.com/npm-opam/ocamlfind"
    opam-installer-bin "https://github.com/yunxing/opam-installer-bin.git"
    substs "https://github.com/yunxing/substs.git"

"lambda-term-bin@https://github.com/reasonml/lambda-term-bin":
  version "1.10.0"
  resolved "https://github.com/reasonml/lambda-term-bin#bed9aa0355ee28929d86fe5743086bd103796347"
  dependencies:
    "@opam-alpha/ocamlfind" "*"
    dependency-env "https://github.com/npm-ml/dependency-env.git"
    lwt-bin "https://github.com/reasonml/lwt-bin"
    nopam "https://github.com/yunxing/nopam.git"
    react-bin "https://github.com/reasonml/react-bin"
    zed-bin "https://github.com/reasonml/zed-bin"

"lwt-bin@https://github.com/reasonml/lwt-bin":
  version "2.5.2"
  resolved "https://github.com/reasonml/lwt-bin#e3728b0b09c4da619ba42dadbfc0bc66378cbc29"
  dependencies:
    "@opam-alpha/ocamlfind" "*"
    dependency-env "https://github.com/npm-ml/dependency-env.git"
    nopam "https://github.com/yunxing/nopam.git"
    react-bin "https://github.com/reasonml/react-bin"

"menhir-actual@git://github.com/npm-opam/menhir.git#20160825.0.0":
  version "20160825.0.0"
  resolved "git://github.com/npm-opam/menhir.git#429b785f5ebef9c0687c37d1d8b0caff7dc6e855"
  dependencies:
    "@opam-alpha/ocamlbuild" "*"
    "@opam-alpha/ocamlfind" "*"
    dependency-env "https://github.com/npm-ml/dependency-env.git"
    nopam "https://github.com/yunxing/nopam.git"
    opam-installer-bin "https://github.com/yunxing/opam-installer-bin.git"
    substs "https://github.com/yunxing/substs.git"

"merlin-actual@git://github.com/npm-opam/merlin.git#2.5.0":
  version "2.5.0"
  resolved "git://github.com/npm-opam/merlin.git#307f4a072029c0d26708c970b4cfb4f5891082d9"
  dependencies:
    "@opam-alpha/ocamlfind" ">= 1.5.2"
    "@opam-alpha/yojson" "*"
    dependency-env "https://github.com/npm-ml/dependency-env.git"
    nopam "https://github.com/yunxing/nopam.git"
    opam-installer-bin "https://github.com/yunxing/opam-installer-bin.git"
    substs "https://github.com/yunxing/substs.git"

"merlin-extend-actual@git://github.com/npm-opam/merlin-extend.git#0.3.0":
  version "0.3.0"
  resolved "git://github.com/npm-opam/merlin-extend.git#cf1fbdb73ca830bf1a1263b018ae6212bda27671"
  dependencies:
    "@opam-alpha/cppo" "*"
    "@opam-alpha/ocamlfind" "*"
    dependency-env "https://github.com/npm-ml/dependency-env.git"
    nopam "https://github.com/yunxing/nopam.git"
    opam-installer-bin "https://github.com/yunxing/opam-installer-bin.git"
    substs "https://github.com/yunxing/substs.git"

"merlin@https://github.com/npm-opam/merlin":
  version "2.5.0"
  resolved "https://github.com/npm-opam/merlin#d8219b803d97bbb73a92639d83c7199a34b04975"
  dependencies:
    dependency-env "https://github.com/npm-ml/dependency-env.git"
    nopam "https://github.com/yunxing/nopam.git"
    ocaml "https://github.com/npm-opam/ocaml.git#npm-4.02.3"
    ocamlfind "https://github.com/npm-opam/ocamlfind"
    opam-installer-bin "https://github.com/yunxing/opam-installer-bin.git"
    substs "https://github.com/yunxing/substs.git"
    yojson "https://github.com/npm-opam/yojson"

"nopam@https://github.com/reasonml/nopam.git", "nopam@https://github.com/yunxing/nopam.git":
  version "0.0.1"
  resolved "https://github.com/yunxing/nopam.git#77e46d877cb339434174b824cbc164a8be49a487"

"ocaml@git+https://github.com/npm-opam/ocaml.git#npm-4.02.3", "ocaml@https://github.com/npm-opam/ocaml.git#npm-4.02.3":
  version "4.2.3"
  resolved "https://github.com/npm-opam/ocaml.git#28b6d43994c95694a9fa5546f99d67dff76615ad"

"ocamlbuild@https://github.com/npm-opam/ocamlbuild":
  version "0.9.2"
  resolved "https://github.com/npm-opam/ocamlbuild#eea00747b979cf6fcefaa6cebdf7ce180545c5fd"

"ocamlfind-actual@git+https://github.com/npm-opam/ocamlfind.git#1.6.2":
  version "1.6.2"
  resolved "git+https://github.com/npm-opam/ocamlfind.git#3ee0b3d45e690bde9bfa923dfedd5c6643a6852a"
  dependencies:
    "@opam-alpha/conf-m4" "*"
    "@opam-alpha/ocaml" "4.2.3"
    dependency-env "https://github.com/npm-ml/dependency-env.git"
    nopam "https://github.com/yunxing/nopam.git"

"ocamlfind@https://github.com/npm-opam/ocamlfind":
  version "1.6.2"
  resolved "https://github.com/npm-opam/ocamlfind#2949147f2f3403afc28b3858dd555accdb9723c8"
  dependencies:
    conf-m4 "https://github.com/npm-opam/conf-m4"
    dependency-env "https://github.com/npm-ml/dependency-env.git"
    nopam "https://github.com/yunxing/nopam.git"
    ocaml "https://github.com/npm-opam/ocaml.git#npm-4.02.3"

"opam-installer-bin@https://github.com/yunxing/opam-installer-bin.git":
  version "0.0.0"
  resolved "https://github.com/yunxing/opam-installer-bin.git#689ede681217f76fb2f82a9f4528e192a5b543ba"
  dependencies:
    dependency-env "https://github.com/npm-ml/dependency-env.git"
    nopam "https://github.com/yunxing/nopam.git"

"ounit-actual@git://github.com/npm-opam/ounit.git#2.0.0":
  version "2.0.0"
  resolved "git://github.com/npm-opam/ounit.git#7efd6873bf35f08e6a9bb433fe898ee5e475becd"
  dependencies:
    "@opam-alpha/ocamlbuild" "*"
    "@opam-alpha/ocamlfind" "*"
    dependency-env "https://github.com/npm-ml/dependency-env.git"
    nopam "https://github.com/yunxing/nopam.git"
    opam-installer-bin "https://github.com/yunxing/opam-installer-bin.git"
    substs "https://github.com/yunxing/substs.git"

"re-actual@git://github.com/npm-opam/re.git#1.6.1":
  version "1.6.1"
  resolved "git://github.com/npm-opam/re.git#0cf78ce4db5572fbe5d870d1ddbbe6428e55c50f"
  dependencies:
    "@opam-alpha/ocamlbuild" "*"
    "@opam-alpha/ocamlfind" "*"
    "@opam-alpha/ounit" "*"
    dependency-env "https://github.com/npm-ml/dependency-env.git"
    nopam "https://github.com/yunxing/nopam.git"
    opam-installer-bin "https://github.com/yunxing/opam-installer-bin.git"
    substs "https://github.com/yunxing/substs.git"

"react-bin@https://github.com/reasonml/react-bin":
  version "1.2.2"
  resolved "https://github.com/reasonml/react-bin#1c5a9f3acab8e5e77b4ec0d331607b4cfc244485"
  dependencies:
    "@opam-alpha/ocamlfind" "*"
    dependency-env "https://github.com/npm-ml/dependency-env.git"
    nopam "https://github.com/yunxing/nopam.git"

"reason@https://github.com/facebook/reason":
  version "1.3.2"
  resolved "https://github.com/facebook/reason#10518c3dc527a0c8d5ede302edea92fcdc30b44b"
  dependencies:
    "@opam-alpha/BetterErrors" ">= 0.0.1"
    "@opam-alpha/easy-format" "^ 1.2.0"
    "@opam-alpha/menhir" ">= 20160303.0.0"
    "@opam-alpha/merlin" "^ 2.5.0"
    "@opam-alpha/merlin-extend" "^ 0.3.0"
    "@opam-alpha/ocaml" "= 4.02.3"
    "@opam-alpha/ocamlfind" "*"
    "@opam-alpha/re" "^ 1.5.0"
    dependency-env "https://github.com/reasonml/dependency-env.git"
    nopam "https://github.com/reasonml/nopam.git"
    opam-installer-bin "https://github.com/yunxing/opam-installer-bin.git"
    substs "https://github.com/yunxing/substs.git"
    utop-bin "https://github.com/reasonml/utop-bin"

resolve@^1.1.7:
  version "1.1.7"
  resolved "https://registry.yarnpkg.com/resolve/-/resolve-1.1.7.tgz#203114d82ad2c5ed9e8e0411b3932875e889e97b"

"substs@https://github.com/yunxing/substs.git":
  version "0.0.1"
  resolved "https://github.com/yunxing/substs.git#fd480dcdb4aed3fa9128fd819a546e3a7770040f"

"utop-bin@https://github.com/reasonml/utop-bin":
  version "1.19.2"
  resolved "https://github.com/reasonml/utop-bin#e683b778bfd2f4b4aff856d052f751633b87101b"
  dependencies:
    "@opam-alpha/ocamlfind" "*"
    camomile-bin "https://github.com/reasonml/camomile-bin"
    dependency-env "https://github.com/npm-ml/dependency-env.git"
    lambda-term-bin "https://github.com/reasonml/lambda-term-bin"
    lwt-bin "https://github.com/reasonml/lwt-bin"
    nopam "https://github.com/yunxing/nopam.git"
    react-bin "https://github.com/reasonml/react-bin"

"yojson-actual@git://github.com/npm-opam/yojson.git#1.3.2":
  version "1.3.2"
  resolved "git://github.com/npm-opam/yojson.git#dd81adbf47ff9d54f7614716c26bc97dffb7bcb1"
  dependencies:
    "@opam-alpha/biniou" ">= 1.0.6"
    "@opam-alpha/cppo" "*"
    "@opam-alpha/easy-format" "*"
    "@opam-alpha/ocamlfind" "*"
    dependency-env "https://github.com/npm-ml/dependency-env.git"
    nopam "https://github.com/yunxing/nopam.git"
    opam-installer-bin "https://github.com/yunxing/opam-installer-bin.git"
    substs "https://github.com/yunxing/substs.git"

"yojson@https://github.com/npm-opam/yojson":
  version "1.3.2"
  resolved "https://github.com/npm-opam/yojson#9d1ae17b1dd40ee0daefe0584fbdad67cb083f38"
  dependencies:
    biniou "https://github.com/npm-opam/biniou"
    cppo "https://github.com/npm-opam/cppo"
    dependency-env "https://github.com/npm-ml/dependency-env.git"
    easy-format "https://github.com/npm-opam/easy-format"
    nopam "https://github.com/yunxing/nopam.git"
    ocaml "https://github.com/npm-opam/ocaml.git#npm-4.02.3"
    ocamlfind "https://github.com/npm-opam/ocamlfind"
    opam-installer-bin "https://github.com/yunxing/opam-installer-bin.git"
    substs "https://github.com/yunxing/substs.git"

"zed-bin@https://github.com/reasonml/zed-bin":
  version "1.4.0"
  resolved "https://github.com/reasonml/zed-bin#883d4fb68dd24a33049524b61deaffdefa901ab9"
  dependencies:
    "@opam-alpha/ocamlfind" "*"
    camomile-bin "https://github.com/reasonml/camomile-bin"
    dependency-env "https://github.com/reasonml/dependency-env.git"
    nopam "https://github.com/reasonml/nopam.git"
    react-bin "https://github.com/reasonml/react-bin"

