# THIS IS AN AUTOGENERATED FILE. DO NOT EDIT THIS FILE DIRECTLY.
# yarn lockfile v1


"@opam-alpha/base-bytes@*":
  version "0.0.0-base"
  resolved "@opam-alpha/base-bytes@0.0.0-base"
  dependencies:
    "@opam-alpha/ocamlfind" " >= 1.5.3"
    opam-installer-bin esy-ocaml/opam-installer-bin
    substs esy-ocaml/substs
  peerDependencies:
    ocaml " >= 4.2.0"

"@opam-alpha/base-threads@*":
  version "0.0.0-base"
  resolved "@opam-alpha/base-threads@0.0.0-base"
  dependencies:
    opam-installer-bin esy-ocaml/opam-installer-bin
    substs esy-ocaml/substs
  peerDependencies:
    ocaml "*"

"@opam-alpha/base-unix@*":
  version "0.0.0-base"
  resolved "@opam-alpha/base-unix@0.0.0-base"
  dependencies:
    opam-installer-bin esy-ocaml/opam-installer-bin
    substs esy-ocaml/substs
  peerDependencies:
    ocaml "*"

"@opam-alpha/camlp4@*":
  version "4.2.0-7"
  uid "3d446bb90084c96174a2da4347245b860ced02fcb381348c274e810d573591a6a6833e5507e681c013c1eac75d0e973050b8b28aec4982b5671dd44594a2a98b"
  resolved "@opam-alpha/camlp4@4.2.0-7"
  dependencies:
    "@opam-alpha/conf-which" ""
    "@opam-alpha/ocamlbuild" ""
    opam-installer-bin esy-ocaml/opam-installer-bin
    substs esy-ocaml/substs
  peerDependencies:
    ocaml " >= 4.2.0  < 4.3.0"

"@opam-alpha/camomile@ >= 0.8.0":
  version "0.8.5"
  uid a9d207d34883fa9b029840ca9309433d616fe68525d684fc11974d14a280bdf7e62df6be32a843abccd265a48b05beeff3171ef992dd918c025491f3ecef3b11
  resolved "@opam-alpha/camomile@0.8.5"
  dependencies:
    "@opam-alpha/camlp4" "*"
    "@opam-alpha/cppo" ""
    "@opam-alpha/ocamlfind" ""
    opam-installer-bin esy-ocaml/opam-installer-bin
    substs esy-ocaml/substs
  peerDependencies:
    ocaml "*"

"@opam-alpha/conf-m4@":
  version "1.0.0"
  resolved "@opam-alpha/conf-m4@1.0.0"
  dependencies:
    opam-installer-bin esy-ocaml/opam-installer-bin
    substs esy-ocaml/substs
  peerDependencies:
    ocaml "*"

"@opam-alpha/conf-which@":
  version "1.0.0"
  resolved "@opam-alpha/conf-which@1.0.0"
  dependencies:
    opam-installer-bin esy-ocaml/opam-installer-bin
    substs esy-ocaml/substs
  peerDependencies:
    ocaml "*"

"@opam-alpha/cppo@", "@opam-alpha/cppo@  >= 1.1.0", "@opam-alpha/cppo@  >= 1.1.2":
  version "1.6.0"
  uid "5db55fda300a64b488e40fd4d240443304903191986c5602bb93f6c200499e0b2092c435952ef8ec531b446fdedc06fd0ede166a42fa4f54be61e741b3274275"
  resolved "@opam-alpha/cppo@1.6.0"
  dependencies:
    "@opam-alpha/base-bytes" "*"
    "@opam-alpha/base-unix" "*"
    "@opam-alpha/jbuilder" "  >= 1.0.0-beta10"
    opam-installer-bin esy-ocaml/opam-installer-bin
    substs esy-ocaml/substs
  peerDependencies:
    ocaml "*"

"@opam-alpha/jbuilder@  >= 1.0.0-beta10", "@opam-alpha/jbuilder@  >= 1.0.0-beta7", "@opam-alpha/jbuilder@  >= 1.0.0-beta9", "@opam-alpha/jbuilder@*":
  version "1.0.0-beta14"
  resolved "@opam-alpha/jbuilder@1.0.0-beta14"
  dependencies:
    "@opam-alpha/ocamlfind" ""
    opam-installer-bin esy-ocaml/opam-installer-bin
    substs esy-ocaml/substs
  peerDependencies:
    ocaml " >= 4.2.3"

"@opam-alpha/lambda-term@ >= 1.9.0":
  version "1.11.0"
  uid e10a7e5926b15d18da66cf474fc4df8174a5ac2d04f3ab4c453a0a3dd2777048e931b03488d87a280969c1ddbe6cade59474ad9d845f8a47aa90e0611022d406
  resolved "@opam-alpha/lambda-term@1.11.0"
  dependencies:
    "@opam-alpha/jbuilder" "  >= 1.0.0-beta7"
    "@opam-alpha/lwt" " >= 2.7.0"
    "@opam-alpha/lwt_react" "*"
    "@opam-alpha/zed" " >= 1.2.0"
    opam-installer-bin esy-ocaml/opam-installer-bin
    substs esy-ocaml/substs
  peerDependencies:
    ocaml " >= 4.2.3"

"@opam-alpha/lwt@ >= 2.7.0", "@opam-alpha/lwt@ >= 3.0.0", "@opam-alpha/lwt@*":
  version "3.1.0"
  uid "56d52c7a36500b2a3d12eb90ded88b814d347b7a2eada48e3c593584448c2ff8c28da6558831ed5674a189b5ede5ce938bc52e86c4b319f4e089cc95045c8c6b"
  resolved "@opam-alpha/lwt@3.1.0"
  dependencies:
    "@opam-alpha/base-threads" "*"
    "@opam-alpha/base-unix" "*"
    "@opam-alpha/camlp4" "*"
    "@opam-alpha/cppo" "  >= 1.1.0"
    "@opam-alpha/jbuilder" "  >= 1.0.0-beta10"
    "@opam-alpha/ocaml-migrate-parsetree" "*"
    "@opam-alpha/ocamlfind" "  >= 1.5.0"
    "@opam-alpha/ppx_tools_versioned" "*"
    "@opam-alpha/result" "*"
    opam-installer-bin esy-ocaml/opam-installer-bin
    substs esy-ocaml/substs
  peerDependencies:
    ocaml " >= 4.2.0"

"@opam-alpha/lwt_react@*":
  version "1.1.0"
  resolved "@opam-alpha/lwt_react@1.1.0"
  dependencies:
    "@opam-alpha/jbuilder" "  >= 1.0.0-beta10"
    "@opam-alpha/lwt" " >= 3.0.0"
    "@opam-alpha/react" " >= 1.0.0"
    opam-installer-bin esy-ocaml/opam-installer-bin
    substs esy-ocaml/substs
  peerDependencies:
    ocaml "*"

"@opam-alpha/menhir@ >= 20170418.0.0  <= 20170712.0.0":
  version "20170712.0.0"
  resolved "@opam-alpha/menhir@20170712.0.0"
  dependencies:
    "@opam-alpha/ocamlbuild" ""
    "@opam-alpha/ocamlfind" "*"
    opam-installer-bin esy-ocaml/opam-installer-bin
    substs esy-ocaml/substs
  peerDependencies:
    ocaml " >= 4.2.0"

"@opam-alpha/merlin-extend@ >= 0.3.0":
  version "0.3.0"
  resolved "@opam-alpha/merlin-extend@0.3.0"
  dependencies:
    "@opam-alpha/cppo" ""
    "@opam-alpha/ocamlfind" ""
    opam-installer-bin esy-ocaml/opam-installer-bin
    substs esy-ocaml/substs
  peerDependencies:
    ocaml " >= 4.2.3"

"@opam-alpha/ocaml-migrate-parsetree@ >= 0.7.0", "@opam-alpha/ocaml-migrate-parsetree@*":
  version "1.0.6"
  resolved "@opam-alpha/ocaml-migrate-parsetree@1.0.6"
  dependencies:
    "@opam-alpha/jbuilder" "  >= 1.0.0-beta10"
    "@opam-alpha/ocamlfind" ""
    "@opam-alpha/result" "*"
    opam-installer-bin esy-ocaml/opam-installer-bin
    substs esy-ocaml/substs
  peerDependencies:
    ocaml " >= 4.2.0"

"@opam-alpha/ocamlbuild@", "@opam-alpha/ocamlbuild@*":
  version "0.11.0"
  uid "59a44a434d5f50442946d2825d493a832fac658785dc055c72934ec0d49f24f5e8d77cf8a54d416bbe1381c33f50a231ed8f1f36bfefd349b9f0fbb9e69b16be"
  resolved "@opam-alpha/ocamlbuild@0.11.0"
  dependencies:
    opam-installer-bin esy-ocaml/opam-installer-bin
    substs esy-ocaml/substs
  peerDependencies:
    ocaml "<4.3.0"

"@opam-alpha/ocamlfind@", "@opam-alpha/ocamlfind@  >= 1.5.0", "@opam-alpha/ocamlfind@  >= 1.6.1", "@opam-alpha/ocamlfind@ >= 1.5.0", "@opam-alpha/ocamlfind@ >= 1.5.3", "@opam-alpha/ocamlfind@ >= 1.7.2", "@opam-alpha/ocamlfind@*":
  version "1.7.3"
  uid d3043513b9566ebfbc6f5816e84a491a16890977cf85bdbdb241130103df85a4fe069af571ba35ba0f14c659ba033363af1ad3cf74b7e4023a2289d409d34475
  resolved "@opam-alpha/ocamlfind@1.7.3"
  dependencies:
    "@opam-alpha/conf-m4" ""
    opam-installer-bin esy-ocaml/opam-installer-bin
    substs esy-ocaml/substs
  peerDependencies:
    ocaml " >= 3.12.0"

"@opam-alpha/ounit@":
  version "2.0.6"
  resolved "@opam-alpha/ounit@2.0.6"
  dependencies:
    "@opam-alpha/base-bytes" "*"
    "@opam-alpha/ocamlbuild" ""
    "@opam-alpha/ocamlfind" "*"
    opam-installer-bin esy-ocaml/opam-installer-bin
    substs esy-ocaml/substs
  peerDependencies:
    ocaml " >= 3.11.0"

"@opam-alpha/ppx_tools_versioned@ >= 5.0.0-beta", "@opam-alpha/ppx_tools_versioned@*":
  version "5.0.1"
  resolved "@opam-alpha/ppx_tools_versioned@5.0.1"
  dependencies:
    "@opam-alpha/ocaml-migrate-parsetree" " >= 0.7.0"
    "@opam-alpha/ocamlfind" " >= 1.5.0"
    opam-installer-bin esy-ocaml/opam-installer-bin
    substs esy-ocaml/substs
  peerDependencies:
    ocaml " >= 4.2.0"

"@opam-alpha/re@*":
  version "1.7.1"
  resolved "@opam-alpha/re@1.7.1"
  dependencies:
    "@opam-alpha/base-bytes" "*"
    "@opam-alpha/ocamlbuild" ""
    "@opam-alpha/ocamlfind" ""
    "@opam-alpha/ounit" ""
    opam-installer-bin esy-ocaml/opam-installer-bin
    substs esy-ocaml/substs
  peerDependencies:
    ocaml "*"

"@opam-alpha/react@ >= 1.0.0", "@opam-alpha/react@*":
  version "1.2.1"
  resolved "@opam-alpha/react@1.2.1"
  dependencies:
    "@opam-alpha/ocamlbuild" ""
    "@opam-alpha/ocamlfind" ""
    "@opam-alpha/topkg" "  >= 0.9.0"
    opam-installer-bin esy-ocaml/opam-installer-bin
    substs esy-ocaml/substs
  peerDependencies:
    ocaml " >= 4.1.0"

"@opam-alpha/reason@1.13.*":
  version "1.13.7"
  resolved "@opam-alpha/reason@1.13.7"
  dependencies:
    "@opam-alpha/menhir" " >= 20170418.0.0  <= 20170712.0.0"
    "@opam-alpha/merlin-extend" " >= 0.3.0"
    "@opam-alpha/ocaml-migrate-parsetree" "*"
    "@opam-alpha/ocamlfind" ""
    "@opam-alpha/ppx_tools_versioned" " >= 5.0.0-beta"
    "@opam-alpha/result" "=1.2.0"
    "@opam-alpha/topkg" " >= 0.8.1"
    "@opam-alpha/utop" " >= 1.17.0"
    opam-installer-bin esy-ocaml/opam-installer-bin
    substs esy-ocaml/substs
  peerDependencies:
    ocaml " >= 4.2.0  < 4.6.0"

"@opam-alpha/result@*", "@opam-alpha/result@=1.2.0":
  version "1.2.0"
  resolved "@opam-alpha/result@1.2.0"
  dependencies:
    opam-installer-bin esy-ocaml/opam-installer-bin
    substs esy-ocaml/substs
  peerDependencies:
    ocaml "*"

"@opam-alpha/topkg@  >= 0.9.0", "@opam-alpha/topkg@ >= 0.8.1":
  version "0.9.1"
  resolved "@opam-alpha/topkg@0.9.1"
  dependencies:
    "@opam-alpha/ocamlbuild" "*"
    "@opam-alpha/ocamlfind" "  >= 1.6.1"
    "@opam-alpha/result" "*"
    opam-installer-bin esy-ocaml/opam-installer-bin
    substs esy-ocaml/substs
  peerDependencies:
    ocaml " >= 4.1.0"

"@opam-alpha/utop@ >= 1.17.0":
  version "2.0.1"
  resolved "@opam-alpha/utop@2.0.1"
  dependencies:
    "@opam-alpha/base-threads" "*"
    "@opam-alpha/base-unix" "*"
    "@opam-alpha/cppo" "  >= 1.1.2"
    "@opam-alpha/jbuilder" "  >= 1.0.0-beta9"
    "@opam-alpha/lambda-term" " >= 1.9.0"
    "@opam-alpha/lwt" "*"
    "@opam-alpha/ocamlfind" " >= 1.7.2"
    "@opam-alpha/react" " >= 1.0.0"
    opam-installer-bin esy-ocaml/opam-installer-bin
    substs esy-ocaml/substs
  peerDependencies:
    ocaml " >= 4.2.3  < 4.6.0"

"@opam-alpha/zed@ >= 1.2.0":
  version "1.5.0"
  resolved "@opam-alpha/zed@1.5.0"
  dependencies:
    "@opam-alpha/base-bytes" "*"
    "@opam-alpha/camomile" " >= 0.8.0"
    "@opam-alpha/jbuilder" "  >= 1.0.0-beta7"
    "@opam-alpha/react" "*"
    opam-installer-bin esy-ocaml/opam-installer-bin
    substs esy-ocaml/substs
  peerDependencies:
    ocaml " >= 4.2.3"

ocaml@esy-ocaml/ocaml#4.2.3+esy:
  version "4.2.3"
  resolved "https://codeload.github.com/esy-ocaml/ocaml/tar.gz/d5bddac3483a2914e15953ed33f5317d2b712600"

opam-installer-bin@esy-ocaml/opam-installer-bin:
  version "0.0.0"
  resolved "https://codeload.github.com/esy-ocaml/opam-installer-bin/tar.gz/37d5d7951cc5befd1f124e1abe14b39ba1bdf5a6"

substs@esy-ocaml/substs:
  version "0.0.1"
  resolved "https://codeload.github.com/esy-ocaml/substs/tar.gz/58b2f5fafbd675665a5a46ef3d142e8e505d2042"
